schema: '2.0'
stages:
  data_collection:
    cmd: uv run python src/data/make_dataset.py
    deps:
    - path: src/data/make_dataset.py
      hash: md5
      md5: d1ede7a754d755e305105881fb85cd8b
      size: 2439
    params:
      params.yaml:
        data_collection.test_size: 0.2
    outs:
    - path: data/raw
      hash: md5
      md5: 0f44951fb0b3e0c8b7cdf346b80e7688.dir
      size: 1482991
      nfiles: 2
  pre_processing:
    cmd: uv run python src/features/build_features.py
    deps:
    - path: data/raw
      hash: md5
      md5: 0f44951fb0b3e0c8b7cdf346b80e7688.dir
      size: 1482991
      nfiles: 2
    - path: src/features/build_features.py
      hash: md5
      md5: 1345998ef4fa83e6acae47e37ca94f09
      size: 2077
    outs:
    - path: data/processed
      hash: md5
      md5: 51847429d81047ee59a65792289b4424.dir
      size: 2409050
      nfiles: 2
  model_building:
    cmd: uv run python src/models/train_model.py
    deps:
    - path: data/processed
      hash: md5
      md5: 51847429d81047ee59a65792289b4424.dir
      size: 2409050
      nfiles: 2
    - path: src/models/train_model.py
      hash: md5
      md5: ed13b2a18fd4c1992ae6e7b30382a281
      size: 8466
    params:
      params.yaml:
        model_building.n_estimators: 100
    outs:
    - path: models/model.pkl
      hash: md5
      md5: d47820f88680c21c03983a8b3c9e77a0
      size: 1180075
  model_eval:
    cmd: uv run python src/models/predict_model.py
    deps:
    - path: models/model.pkl
      hash: md5
      md5: d47820f88680c21c03983a8b3c9e77a0
      size: 1180075
    outs:
    - path: reports/metrics.json
      hash: md5
      md5: 59732e664c5147279dc8fe3ca2e8f161
      size: 126
